
Microsoft Visual Studio Solution File, Format Version 12.00
# Visual Studio 15
VisualStudioVersion = 15.0.26730.10
MinimumVisualStudioVersion = 10.0.40219.1
Project("{FAE04EC0-301F-11D3-BF4B-00C04F79EFBC}") = "XamAndroidTemplatesVSIX", "XamAndroidTemplatesVSIX\XamAndroidTemplatesVSIX.csproj", "{4A0ED1AC-3872-4F49-94F8-F4DB03BC579E}"
EndProject
Global
	GlobalSection(SolutionConfigurationPlatforms) = preSolution
		Debug|Any CPU = Debug|Any CPU
		Release|Any CPU = Release|Any CPU
	EndGlobalSection
	GlobalSection(ProjectConfigurationPlatforms) = postSolution
		{4A0ED1AC-3872-4F49-94F8-F4DB03BC579E}.Debug|Any CPU.ActiveCfg = Debug|Any CPU
		{4A0ED1AC-3872-4F49-94F8-F4DB03BC579E}.Debug|Any CPU.Build.0 = Debug|Any CPU
		{4A0ED1AC-3872-4F49-94F8-F4DB03BC579E}.Release|Any CPU.ActiveCfg = Release|Any CPU
		{4A0ED1AC-3872-4F49-94F8-F4DB03BC579E}.Release|Any CPU.Build.0 = Release|Any CPU
	EndGlobalSection
	GlobalSection(SolutionProperties) = preSolution
		HideSolutionNode = FALSE
	EndGlobalSection
	GlobalSection(ExtensibilityGlobals) = postSolution
		SolutionGuid = {CAB2A25B-1C43-46EB-AF3A-2F311D0348B7}
	EndGlobalSection
EndGlobal
