
Microsoft Visual Studio Solution File, Format Version 12.00
# Visual Studio 15
VisualStudioVersion = 15.0.27130.2027
MinimumVisualStudioVersion = 10.0.40219.1
Project("{2150E333-8FDC-42A3-9474-1A3956D46DE8}") = "Traditional", "Traditional", "{1B19DAC5-4C7F-4714-890C-CD725D9BA3CE}"
EndProject
Project("{FAE04EC0-301F-11D3-BF4B-00C04F79EFBC}") = "FeaturePluginVSIX", "FeaturePluginVSIX\FeaturePluginVSIX.csproj", "{23D149F6-7F81-40A8-A0B5-CFBF6FE042BF}"
EndProject
Project("{FAE04EC0-301F-11D3-BF4B-00C04F79EFBC}") = "FeaturePlugin.Wizard", "FeaturePlugin.Wizard\FeaturePlugin.Wizard.csproj", "{65EE5F42-08AD-49AD-9DAE-12CB15F7E3F2}"
EndProject
Project("{FAE04EC0-301F-11D3-BF4B-00C04F79EFBC}") = "Plugin.PT", "Plugin.PT.csproj", "{8DE0C55A-0C47-49D4-B28F-C632BBBD5D7C}"
EndProject
Global
	GlobalSection(SolutionConfigurationPlatforms) = preSolution
		Debug|Any CPU = Debug|Any CPU
		Debug|ARM = Debug|ARM
		Debug|x64 = Debug|x64
		Debug|x86 = Debug|x86
		Release|Any CPU = Release|Any CPU
		Release|ARM = Release|ARM
		Release|x64 = Release|x64
		Release|x86 = Release|x86
	EndGlobalSection
	GlobalSection(ProjectConfigurationPlatforms) = postSolution
		{23D149F6-7F81-40A8-A0B5-CFBF6FE042BF}.Debug|Any CPU.ActiveCfg = Debug|Any CPU
		{23D149F6-7F81-40A8-A0B5-CFBF6FE042BF}.Debug|Any CPU.Build.0 = Debug|Any CPU
		{23D149F6-7F81-40A8-A0B5-CFBF6FE042BF}.Debug|ARM.ActiveCfg = Debug|Any CPU
		{23D149F6-7F81-40A8-A0B5-CFBF6FE042BF}.Debug|x64.ActiveCfg = Debug|Any CPU
		{23D149F6-7F81-40A8-A0B5-CFBF6FE042BF}.Debug|x86.ActiveCfg = Debug|Any CPU
		{23D149F6-7F81-40A8-A0B5-CFBF6FE042BF}.Release|Any CPU.ActiveCfg = Release|Any CPU
		{23D149F6-7F81-40A8-A0B5-CFBF6FE042BF}.Release|Any CPU.Build.0 = Release|Any CPU
		{23D149F6-7F81-40A8-A0B5-CFBF6FE042BF}.Release|ARM.ActiveCfg = Release|Any CPU
		{23D149F6-7F81-40A8-A0B5-CFBF6FE042BF}.Release|x64.ActiveCfg = Release|Any CPU
		{23D149F6-7F81-40A8-A0B5-CFBF6FE042BF}.Release|x86.ActiveCfg = Release|Any CPU
		{23D149F6-7F81-40A8-A0B5-CFBF6FE042BF}.Release|x86.Build.0 = Release|Any CPU
		{65EE5F42-08AD-49AD-9DAE-12CB15F7E3F2}.Debug|Any CPU.ActiveCfg = Debug|Any CPU
		{65EE5F42-08AD-49AD-9DAE-12CB15F7E3F2}.Debug|Any CPU.Build.0 = Debug|Any CPU
		{65EE5F42-08AD-49AD-9DAE-12CB15F7E3F2}.Debug|ARM.ActiveCfg = Debug|Any CPU
		{65EE5F42-08AD-49AD-9DAE-12CB15F7E3F2}.Debug|x64.ActiveCfg = Debug|Any CPU
		{65EE5F42-08AD-49AD-9DAE-12CB15F7E3F2}.Debug|x86.ActiveCfg = Debug|Any CPU
		{65EE5F42-08AD-49AD-9DAE-12CB15F7E3F2}.Release|Any CPU.ActiveCfg = Release|Any CPU
		{65EE5F42-08AD-49AD-9DAE-12CB15F7E3F2}.Release|Any CPU.Build.0 = Release|Any CPU
		{65EE5F42-08AD-49AD-9DAE-12CB15F7E3F2}.Release|ARM.ActiveCfg = Release|Any CPU
		{65EE5F42-08AD-49AD-9DAE-12CB15F7E3F2}.Release|x64.ActiveCfg = Release|Any CPU
		{65EE5F42-08AD-49AD-9DAE-12CB15F7E3F2}.Release|x86.ActiveCfg = Release|Any CPU
		{65EE5F42-08AD-49AD-9DAE-12CB15F7E3F2}.Release|x86.Build.0 = Release|Any CPU
		{8DE0C55A-0C47-49D4-B28F-C632BBBD5D7C}.Debug|Any CPU.ActiveCfg = Debug|Any CPU
		{8DE0C55A-0C47-49D4-B28F-C632BBBD5D7C}.Debug|Any CPU.Build.0 = Debug|Any CPU
		{8DE0C55A-0C47-49D4-B28F-C632BBBD5D7C}.Debug|ARM.ActiveCfg = Debug|Any CPU
		{8DE0C55A-0C47-49D4-B28F-C632BBBD5D7C}.Debug|ARM.Build.0 = Debug|Any CPU
		{8DE0C55A-0C47-49D4-B28F-C632BBBD5D7C}.Debug|x64.ActiveCfg = Debug|Any CPU
		{8DE0C55A-0C47-49D4-B28F-C632BBBD5D7C}.Debug|x64.Build.0 = Debug|Any CPU
		{8DE0C55A-0C47-49D4-B28F-C632BBBD5D7C}.Debug|x86.ActiveCfg = Debug|Any CPU
		{8DE0C55A-0C47-49D4-B28F-C632BBBD5D7C}.Debug|x86.Build.0 = Debug|Any CPU
		{8DE0C55A-0C47-49D4-B28F-C632BBBD5D7C}.Release|Any CPU.ActiveCfg = Release|Any CPU
		{8DE0C55A-0C47-49D4-B28F-C632BBBD5D7C}.Release|Any CPU.Build.0 = Release|Any CPU
		{8DE0C55A-0C47-49D4-B28F-C632BBBD5D7C}.Release|ARM.ActiveCfg = Release|Any CPU
		{8DE0C55A-0C47-49D4-B28F-C632BBBD5D7C}.Release|ARM.Build.0 = Release|Any CPU
		{8DE0C55A-0C47-49D4-B28F-C632BBBD5D7C}.Release|x64.ActiveCfg = Release|Any CPU
		{8DE0C55A-0C47-49D4-B28F-C632BBBD5D7C}.Release|x64.Build.0 = Release|Any CPU
		{8DE0C55A-0C47-49D4-B28F-C632BBBD5D7C}.Release|x86.ActiveCfg = Release|Any CPU
		{8DE0C55A-0C47-49D4-B28F-C632BBBD5D7C}.Release|x86.Build.0 = Release|Any CPU
	EndGlobalSection
	GlobalSection(SolutionProperties) = preSolution
		HideSolutionNode = FALSE
	EndGlobalSection
	GlobalSection(NestedProjects) = preSolution
		{8DE0C55A-0C47-49D4-B28F-C632BBBD5D7C} = {1B19DAC5-4C7F-4714-890C-CD725D9BA3CE}
	EndGlobalSection
	GlobalSection(ExtensibilityGlobals) = postSolution
		SolutionGuid = {5E085BE9-41E8-4786-B3DB-42096F259CA0}
	EndGlobalSection
EndGlobal
