
Microsoft Visual Studio Solution File, Format Version 12.00
# Visual Studio 2013
VisualStudioVersion = 12.0.40629.0
MinimumVisualStudioVersion = 10.0.40219.1
Project("{FAE04EC0-301F-11D3-BF4B-00C04F79EFBC}") = "Feature.Plugin.Abstractions", "Feature.Plugin.Abstractions\Feature.Plugin.Abstractions.csproj", "{6EDB0588-FFC5-4EF5-8A99-9E241D0F878D}"
EndProject
Project("{FAE04EC0-301F-11D3-BF4B-00C04F79EFBC}") = "Feature.Plugin", "Feature.Plugin\Feature.Plugin.csproj", "{A6FCEF44-D2BA-42C7-B3CB-13667BCD7B54}"
EndProject
Project("{2150E333-8FDC-42A3-9474-1A3956D46DE8}") = "Traditional", "Traditional", "{1B19DAC5-4C7F-4714-890C-CD725D9BA3CE}"
EndProject
Project("{FAE04EC0-301F-11D3-BF4B-00C04F79EFBC}") = "Feature.Plugin.Android", "Feature.Plugin.Android\Feature.Plugin.Android.csproj", "{56A56F17-7DE1-4CA1-9617-BF32E971AC84}"
EndProject
Project("{FAE04EC0-301F-11D3-BF4B-00C04F79EFBC}") = "Feature.Plugin.iOSUnified", "Feature.Plugin.iOSUnified\Feature.Plugin.iOSUnified.csproj", "{2882AEEB-D4CD-4EB9-8A6C-6653B33681F0}"
EndProject
Project("{FAE04EC0-301F-11D3-BF4B-00C04F79EFBC}") = "Feature.Plugin.WindowsPhone8", "Feature.Plugin.WindowsPhone8\Feature.Plugin.WindowsPhone8.csproj", "{5876144B-47DD-4C4E-B421-BC03F191B996}"
EndProject
Project("{FAE04EC0-301F-11D3-BF4B-00C04F79EFBC}") = "Feature.Plugin.WindowsPhone81", "Feature.Plugin.WindowsPhone81\Feature.Plugin.WindowsPhone81.csproj", "{7169373F-0B82-4E5D-9129-7CC3065B90FA}"
EndProject
Project("{FAE04EC0-301F-11D3-BF4B-00C04F79EFBC}") = "Feature.Plugin.WindowsStore", "Feature.Plugin.WindowsStore\Feature.Plugin.WindowsStore.csproj", "{ED9A4CA1-C04C-457D-9A2E-7995CCF12356}"
EndProject
Project("{2150E333-8FDC-42A3-9474-1A3956D46DE8}") = "Nuspec", "Nuspec", "{B4F1413B-3123-42A0-BE9F-9430FA7FFC00}"
	ProjectSection(SolutionItems) = preProject
		Feature.Plugin.nuspec = Feature.Plugin.nuspec
	EndProjectSection
EndProject
Project("{FAE04EC0-301F-11D3-BF4B-00C04F79EFBC}") = "Feature.Plugin.ProjectTemplate", "Feature.Plugin.ProjectTemplate\Feature.Plugin.ProjectTemplate.csproj", "{8DE0C55A-0C47-49D4-B28F-C632BBBD5D7C}"
EndProject
Project("{FAE04EC0-301F-11D3-BF4B-00C04F79EFBC}") = "FeaturePluginVSIX", "FeaturePluginVSIX\FeaturePluginVSIX.csproj", "{23D149F6-7F81-40A8-A0B5-CFBF6FE042BF}"
EndProject
Project("{FAE04EC0-301F-11D3-BF4B-00C04F79EFBC}") = "FeaturePlugin.Wizard", "FeaturePlugin.Wizard\FeaturePlugin.Wizard.csproj", "{65EE5F42-08AD-49AD-9DAE-12CB15F7E3F2}"
EndProject
Project("{FAE04EC0-301F-11D3-BF4B-00C04F79EFBC}") = "NuSpecLibrary", "NuSpecLibrary\NuSpecLibrary.csproj", "{FB4A79D0-7B61-4FAA-96C2-02D4FAA67E96}"
EndProject
Project("{FAE04EC0-301F-11D3-BF4B-00C04F79EFBC}") = "Feature.Plugin.ItemTemplate", "Feature.Plugin.ItemTemplate\Feature.Plugin.ItemTemplate.csproj", "{CDDA0A07-24D9-4F8F-9A53-2BFB4B6AA0F8}"
EndProject
Project("{2150E333-8FDC-42A3-9474-1A3956D46DE8}") = "Forms", "Forms", "{17979ACC-A89D-422A-83A5-D7A18CF3620E}"
EndProject
Project("{2150E333-8FDC-42A3-9474-1A3956D46DE8}") = "Templates", "Templates", "{729BC624-FC40-446B-8EB0-505CBB8BB13E}"
EndProject
Project("{2150E333-8FDC-42A3-9474-1A3956D46DE8}") = "Templates", "Templates", "{045E501C-91D7-41F8-B80B-BFCAC252F9E2}"
EndProject
Project("{FAE04EC0-301F-11D3-BF4B-00C04F79EFBC}") = "Feature.FormsPlugin.ItemTemplate", "Feature.Forms.Plugin.ItemTemplate\Feature.FormsPlugin.ItemTemplate.csproj", "{7D58720A-CE13-4450-B688-F51960032B79}"
EndProject
Project("{FAE04EC0-301F-11D3-BF4B-00C04F79EFBC}") = "Control.FormsPlugin.ProjectTemplate", "Control.Forms.Plugin.ProjectTemplate\Control.FormsPlugin.ProjectTemplate.csproj", "{741D8402-22B9-42CF-88EC-EAF084B11619}"
EndProject
Global
	GlobalSection(SolutionConfigurationPlatforms) = preSolution
		Debug|Any CPU = Debug|Any CPU
		Debug|ARM = Debug|ARM
		Debug|x64 = Debug|x64
		Debug|x86 = Debug|x86
		Release|Any CPU = Release|Any CPU
		Release|ARM = Release|ARM
		Release|x64 = Release|x64
		Release|x86 = Release|x86
	EndGlobalSection
	GlobalSection(ProjectConfigurationPlatforms) = postSolution
		{6EDB0588-FFC5-4EF5-8A99-9E241D0F878D}.Debug|Any CPU.ActiveCfg = Debug|Any CPU
		{6EDB0588-FFC5-4EF5-8A99-9E241D0F878D}.Debug|Any CPU.Build.0 = Debug|Any CPU
		{6EDB0588-FFC5-4EF5-8A99-9E241D0F878D}.Debug|ARM.ActiveCfg = Debug|Any CPU
		{6EDB0588-FFC5-4EF5-8A99-9E241D0F878D}.Debug|x64.ActiveCfg = Debug|Any CPU
		{6EDB0588-FFC5-4EF5-8A99-9E241D0F878D}.Debug|x86.ActiveCfg = Debug|Any CPU
		{6EDB0588-FFC5-4EF5-8A99-9E241D0F878D}.Release|Any CPU.ActiveCfg = Release|Any CPU
		{6EDB0588-FFC5-4EF5-8A99-9E241D0F878D}.Release|Any CPU.Build.0 = Release|Any CPU
		{6EDB0588-FFC5-4EF5-8A99-9E241D0F878D}.Release|ARM.ActiveCfg = Release|Any CPU
		{6EDB0588-FFC5-4EF5-8A99-9E241D0F878D}.Release|x64.ActiveCfg = Release|Any CPU
		{6EDB0588-FFC5-4EF5-8A99-9E241D0F878D}.Release|x86.ActiveCfg = Release|Any CPU
		{A6FCEF44-D2BA-42C7-B3CB-13667BCD7B54}.Debug|Any CPU.ActiveCfg = Debug|Any CPU
		{A6FCEF44-D2BA-42C7-B3CB-13667BCD7B54}.Debug|Any CPU.Build.0 = Debug|Any CPU
		{A6FCEF44-D2BA-42C7-B3CB-13667BCD7B54}.Debug|ARM.ActiveCfg = Debug|Any CPU
		{A6FCEF44-D2BA-42C7-B3CB-13667BCD7B54}.Debug|x64.ActiveCfg = Debug|Any CPU
		{A6FCEF44-D2BA-42C7-B3CB-13667BCD7B54}.Debug|x86.ActiveCfg = Debug|Any CPU
		{A6FCEF44-D2BA-42C7-B3CB-13667BCD7B54}.Release|Any CPU.ActiveCfg = Release|Any CPU
		{A6FCEF44-D2BA-42C7-B3CB-13667BCD7B54}.Release|Any CPU.Build.0 = Release|Any CPU
		{A6FCEF44-D2BA-42C7-B3CB-13667BCD7B54}.Release|ARM.ActiveCfg = Release|Any CPU
		{A6FCEF44-D2BA-42C7-B3CB-13667BCD7B54}.Release|x64.ActiveCfg = Release|Any CPU
		{A6FCEF44-D2BA-42C7-B3CB-13667BCD7B54}.Release|x86.ActiveCfg = Release|Any CPU
		{56A56F17-7DE1-4CA1-9617-BF32E971AC84}.Debug|Any CPU.ActiveCfg = Debug|Any CPU
		{56A56F17-7DE1-4CA1-9617-BF32E971AC84}.Debug|Any CPU.Build.0 = Debug|Any CPU
		{56A56F17-7DE1-4CA1-9617-BF32E971AC84}.Debug|ARM.ActiveCfg = Debug|Any CPU
		{56A56F17-7DE1-4CA1-9617-BF32E971AC84}.Debug|x64.ActiveCfg = Debug|Any CPU
		{56A56F17-7DE1-4CA1-9617-BF32E971AC84}.Debug|x86.ActiveCfg = Debug|Any CPU
		{56A56F17-7DE1-4CA1-9617-BF32E971AC84}.Release|Any CPU.ActiveCfg = Release|Any CPU
		{56A56F17-7DE1-4CA1-9617-BF32E971AC84}.Release|Any CPU.Build.0 = Release|Any CPU
		{56A56F17-7DE1-4CA1-9617-BF32E971AC84}.Release|ARM.ActiveCfg = Release|Any CPU
		{56A56F17-7DE1-4CA1-9617-BF32E971AC84}.Release|x64.ActiveCfg = Release|Any CPU
		{56A56F17-7DE1-4CA1-9617-BF32E971AC84}.Release|x86.ActiveCfg = Release|Any CPU
		{2882AEEB-D4CD-4EB9-8A6C-6653B33681F0}.Debug|Any CPU.ActiveCfg = Debug|Any CPU
		{2882AEEB-D4CD-4EB9-8A6C-6653B33681F0}.Debug|Any CPU.Build.0 = Debug|Any CPU
		{2882AEEB-D4CD-4EB9-8A6C-6653B33681F0}.Debug|ARM.ActiveCfg = Debug|Any CPU
		{2882AEEB-D4CD-4EB9-8A6C-6653B33681F0}.Debug|x64.ActiveCfg = Debug|Any CPU
		{2882AEEB-D4CD-4EB9-8A6C-6653B33681F0}.Debug|x86.ActiveCfg = Debug|Any CPU
		{2882AEEB-D4CD-4EB9-8A6C-6653B33681F0}.Release|Any CPU.ActiveCfg = Release|Any CPU
		{2882AEEB-D4CD-4EB9-8A6C-6653B33681F0}.Release|Any CPU.Build.0 = Release|Any CPU
		{2882AEEB-D4CD-4EB9-8A6C-6653B33681F0}.Release|ARM.ActiveCfg = Release|Any CPU
		{2882AEEB-D4CD-4EB9-8A6C-6653B33681F0}.Release|x64.ActiveCfg = Release|Any CPU
		{2882AEEB-D4CD-4EB9-8A6C-6653B33681F0}.Release|x86.ActiveCfg = Release|Any CPU
		{5876144B-47DD-4C4E-B421-BC03F191B996}.Debug|Any CPU.ActiveCfg = Debug|Any CPU
		{5876144B-47DD-4C4E-B421-BC03F191B996}.Debug|Any CPU.Build.0 = Debug|Any CPU
		{5876144B-47DD-4C4E-B421-BC03F191B996}.Debug|ARM.ActiveCfg = Debug|ARM
		{5876144B-47DD-4C4E-B421-BC03F191B996}.Debug|ARM.Build.0 = Debug|ARM
		{5876144B-47DD-4C4E-B421-BC03F191B996}.Debug|x64.ActiveCfg = Debug|Any CPU
		{5876144B-47DD-4C4E-B421-BC03F191B996}.Debug|x86.ActiveCfg = Debug|x86
		{5876144B-47DD-4C4E-B421-BC03F191B996}.Debug|x86.Build.0 = Debug|x86
		{5876144B-47DD-4C4E-B421-BC03F191B996}.Release|Any CPU.ActiveCfg = Release|Any CPU
		{5876144B-47DD-4C4E-B421-BC03F191B996}.Release|Any CPU.Build.0 = Release|Any CPU
		{5876144B-47DD-4C4E-B421-BC03F191B996}.Release|ARM.ActiveCfg = Release|ARM
		{5876144B-47DD-4C4E-B421-BC03F191B996}.Release|ARM.Build.0 = Release|ARM
		{5876144B-47DD-4C4E-B421-BC03F191B996}.Release|x64.ActiveCfg = Release|Any CPU
		{5876144B-47DD-4C4E-B421-BC03F191B996}.Release|x86.ActiveCfg = Release|x86
		{5876144B-47DD-4C4E-B421-BC03F191B996}.Release|x86.Build.0 = Release|x86
		{7169373F-0B82-4E5D-9129-7CC3065B90FA}.Debug|Any CPU.ActiveCfg = Debug|Any CPU
		{7169373F-0B82-4E5D-9129-7CC3065B90FA}.Debug|Any CPU.Build.0 = Debug|Any CPU
		{7169373F-0B82-4E5D-9129-7CC3065B90FA}.Debug|ARM.ActiveCfg = Debug|ARM
		{7169373F-0B82-4E5D-9129-7CC3065B90FA}.Debug|ARM.Build.0 = Debug|ARM
		{7169373F-0B82-4E5D-9129-7CC3065B90FA}.Debug|x64.ActiveCfg = Debug|Any CPU
		{7169373F-0B82-4E5D-9129-7CC3065B90FA}.Debug|x86.ActiveCfg = Debug|x86
		{7169373F-0B82-4E5D-9129-7CC3065B90FA}.Debug|x86.Build.0 = Debug|x86
		{7169373F-0B82-4E5D-9129-7CC3065B90FA}.Release|Any CPU.ActiveCfg = Release|Any CPU
		{7169373F-0B82-4E5D-9129-7CC3065B90FA}.Release|Any CPU.Build.0 = Release|Any CPU
		{7169373F-0B82-4E5D-9129-7CC3065B90FA}.Release|ARM.ActiveCfg = Release|ARM
		{7169373F-0B82-4E5D-9129-7CC3065B90FA}.Release|ARM.Build.0 = Release|ARM
		{7169373F-0B82-4E5D-9129-7CC3065B90FA}.Release|x64.ActiveCfg = Release|Any CPU
		{7169373F-0B82-4E5D-9129-7CC3065B90FA}.Release|x86.ActiveCfg = Release|x86
		{7169373F-0B82-4E5D-9129-7CC3065B90FA}.Release|x86.Build.0 = Release|x86
		{ED9A4CA1-C04C-457D-9A2E-7995CCF12356}.Debug|Any CPU.ActiveCfg = Debug|Any CPU
		{ED9A4CA1-C04C-457D-9A2E-7995CCF12356}.Debug|Any CPU.Build.0 = Debug|Any CPU
		{ED9A4CA1-C04C-457D-9A2E-7995CCF12356}.Debug|ARM.ActiveCfg = Debug|ARM
		{ED9A4CA1-C04C-457D-9A2E-7995CCF12356}.Debug|ARM.Build.0 = Debug|ARM
		{ED9A4CA1-C04C-457D-9A2E-7995CCF12356}.Debug|x64.ActiveCfg = Debug|x64
		{ED9A4CA1-C04C-457D-9A2E-7995CCF12356}.Debug|x64.Build.0 = Debug|x64
		{ED9A4CA1-C04C-457D-9A2E-7995CCF12356}.Debug|x86.ActiveCfg = Debug|x86
		{ED9A4CA1-C04C-457D-9A2E-7995CCF12356}.Debug|x86.Build.0 = Debug|x86
		{ED9A4CA1-C04C-457D-9A2E-7995CCF12356}.Release|Any CPU.ActiveCfg = Release|Any CPU
		{ED9A4CA1-C04C-457D-9A2E-7995CCF12356}.Release|Any CPU.Build.0 = Release|Any CPU
		{ED9A4CA1-C04C-457D-9A2E-7995CCF12356}.Release|ARM.ActiveCfg = Release|ARM
		{ED9A4CA1-C04C-457D-9A2E-7995CCF12356}.Release|ARM.Build.0 = Release|ARM
		{ED9A4CA1-C04C-457D-9A2E-7995CCF12356}.Release|x64.ActiveCfg = Release|x64
		{ED9A4CA1-C04C-457D-9A2E-7995CCF12356}.Release|x64.Build.0 = Release|x64
		{ED9A4CA1-C04C-457D-9A2E-7995CCF12356}.Release|x86.ActiveCfg = Release|x86
		{ED9A4CA1-C04C-457D-9A2E-7995CCF12356}.Release|x86.Build.0 = Release|x86
		{8DE0C55A-0C47-49D4-B28F-C632BBBD5D7C}.Debug|Any CPU.ActiveCfg = Debug|Any CPU
		{8DE0C55A-0C47-49D4-B28F-C632BBBD5D7C}.Debug|Any CPU.Build.0 = Debug|Any CPU
		{8DE0C55A-0C47-49D4-B28F-C632BBBD5D7C}.Debug|ARM.ActiveCfg = Debug|Any CPU
		{8DE0C55A-0C47-49D4-B28F-C632BBBD5D7C}.Debug|x64.ActiveCfg = Debug|Any CPU
		{8DE0C55A-0C47-49D4-B28F-C632BBBD5D7C}.Debug|x86.ActiveCfg = Debug|Any CPU
		{8DE0C55A-0C47-49D4-B28F-C632BBBD5D7C}.Release|Any CPU.ActiveCfg = Release|Any CPU
		{8DE0C55A-0C47-49D4-B28F-C632BBBD5D7C}.Release|Any CPU.Build.0 = Release|Any CPU
		{8DE0C55A-0C47-49D4-B28F-C632BBBD5D7C}.Release|ARM.ActiveCfg = Release|Any CPU
		{8DE0C55A-0C47-49D4-B28F-C632BBBD5D7C}.Release|x64.ActiveCfg = Release|Any CPU
		{8DE0C55A-0C47-49D4-B28F-C632BBBD5D7C}.Release|x86.ActiveCfg = Release|Any CPU
		{23D149F6-7F81-40A8-A0B5-CFBF6FE042BF}.Debug|Any CPU.ActiveCfg = Debug|Any CPU
		{23D149F6-7F81-40A8-A0B5-CFBF6FE042BF}.Debug|Any CPU.Build.0 = Debug|Any CPU
		{23D149F6-7F81-40A8-A0B5-CFBF6FE042BF}.Debug|ARM.ActiveCfg = Debug|Any CPU
		{23D149F6-7F81-40A8-A0B5-CFBF6FE042BF}.Debug|x64.ActiveCfg = Debug|Any CPU
		{23D149F6-7F81-40A8-A0B5-CFBF6FE042BF}.Debug|x86.ActiveCfg = Debug|Any CPU
		{23D149F6-7F81-40A8-A0B5-CFBF6FE042BF}.Release|Any CPU.ActiveCfg = Release|Any CPU
		{23D149F6-7F81-40A8-A0B5-CFBF6FE042BF}.Release|Any CPU.Build.0 = Release|Any CPU
		{23D149F6-7F81-40A8-A0B5-CFBF6FE042BF}.Release|ARM.ActiveCfg = Release|Any CPU
		{23D149F6-7F81-40A8-A0B5-CFBF6FE042BF}.Release|x64.ActiveCfg = Release|Any CPU
		{23D149F6-7F81-40A8-A0B5-CFBF6FE042BF}.Release|x86.ActiveCfg = Release|Any CPU
		{65EE5F42-08AD-49AD-9DAE-12CB15F7E3F2}.Debug|Any CPU.ActiveCfg = Debug|Any CPU
		{65EE5F42-08AD-49AD-9DAE-12CB15F7E3F2}.Debug|Any CPU.Build.0 = Debug|Any CPU
		{65EE5F42-08AD-49AD-9DAE-12CB15F7E3F2}.Debug|ARM.ActiveCfg = Debug|Any CPU
		{65EE5F42-08AD-49AD-9DAE-12CB15F7E3F2}.Debug|x64.ActiveCfg = Debug|Any CPU
		{65EE5F42-08AD-49AD-9DAE-12CB15F7E3F2}.Debug|x86.ActiveCfg = Debug|Any CPU
		{65EE5F42-08AD-49AD-9DAE-12CB15F7E3F2}.Release|Any CPU.ActiveCfg = Release|Any CPU
		{65EE5F42-08AD-49AD-9DAE-12CB15F7E3F2}.Release|Any CPU.Build.0 = Release|Any CPU
		{65EE5F42-08AD-49AD-9DAE-12CB15F7E3F2}.Release|ARM.ActiveCfg = Release|Any CPU
		{65EE5F42-08AD-49AD-9DAE-12CB15F7E3F2}.Release|x64.ActiveCfg = Release|Any CPU
		{65EE5F42-08AD-49AD-9DAE-12CB15F7E3F2}.Release|x86.ActiveCfg = Release|Any CPU
		{FB4A79D0-7B61-4FAA-96C2-02D4FAA67E96}.Debug|Any CPU.ActiveCfg = Debug|Any CPU
		{FB4A79D0-7B61-4FAA-96C2-02D4FAA67E96}.Debug|Any CPU.Build.0 = Debug|Any CPU
		{FB4A79D0-7B61-4FAA-96C2-02D4FAA67E96}.Debug|ARM.ActiveCfg = Debug|Any CPU
		{FB4A79D0-7B61-4FAA-96C2-02D4FAA67E96}.Debug|x64.ActiveCfg = Debug|Any CPU
		{FB4A79D0-7B61-4FAA-96C2-02D4FAA67E96}.Debug|x86.ActiveCfg = Debug|Any CPU
		{FB4A79D0-7B61-4FAA-96C2-02D4FAA67E96}.Release|Any CPU.ActiveCfg = Release|Any CPU
		{FB4A79D0-7B61-4FAA-96C2-02D4FAA67E96}.Release|Any CPU.Build.0 = Release|Any CPU
		{FB4A79D0-7B61-4FAA-96C2-02D4FAA67E96}.Release|ARM.ActiveCfg = Release|Any CPU
		{FB4A79D0-7B61-4FAA-96C2-02D4FAA67E96}.Release|x64.ActiveCfg = Release|Any CPU
		{FB4A79D0-7B61-4FAA-96C2-02D4FAA67E96}.Release|x86.ActiveCfg = Release|Any CPU
		{CDDA0A07-24D9-4F8F-9A53-2BFB4B6AA0F8}.Debug|Any CPU.ActiveCfg = Debug|Any CPU
		{CDDA0A07-24D9-4F8F-9A53-2BFB4B6AA0F8}.Debug|Any CPU.Build.0 = Debug|Any CPU
		{CDDA0A07-24D9-4F8F-9A53-2BFB4B6AA0F8}.Debug|ARM.ActiveCfg = Debug|Any CPU
		{CDDA0A07-24D9-4F8F-9A53-2BFB4B6AA0F8}.Debug|x64.ActiveCfg = Debug|Any CPU
		{CDDA0A07-24D9-4F8F-9A53-2BFB4B6AA0F8}.Debug|x86.ActiveCfg = Debug|Any CPU
		{CDDA0A07-24D9-4F8F-9A53-2BFB4B6AA0F8}.Release|Any CPU.ActiveCfg = Release|Any CPU
		{CDDA0A07-24D9-4F8F-9A53-2BFB4B6AA0F8}.Release|Any CPU.Build.0 = Release|Any CPU
		{CDDA0A07-24D9-4F8F-9A53-2BFB4B6AA0F8}.Release|ARM.ActiveCfg = Release|Any CPU
		{CDDA0A07-24D9-4F8F-9A53-2BFB4B6AA0F8}.Release|x64.ActiveCfg = Release|Any CPU
		{CDDA0A07-24D9-4F8F-9A53-2BFB4B6AA0F8}.Release|x86.ActiveCfg = Release|Any CPU
		{7D58720A-CE13-4450-B688-F51960032B79}.Debug|Any CPU.ActiveCfg = Debug|Any CPU
		{7D58720A-CE13-4450-B688-F51960032B79}.Debug|Any CPU.Build.0 = Debug|Any CPU
		{7D58720A-CE13-4450-B688-F51960032B79}.Debug|ARM.ActiveCfg = Debug|Any CPU
		{7D58720A-CE13-4450-B688-F51960032B79}.Debug|x64.ActiveCfg = Debug|Any CPU
		{7D58720A-CE13-4450-B688-F51960032B79}.Debug|x86.ActiveCfg = Debug|Any CPU
		{7D58720A-CE13-4450-B688-F51960032B79}.Release|Any CPU.ActiveCfg = Release|Any CPU
		{7D58720A-CE13-4450-B688-F51960032B79}.Release|Any CPU.Build.0 = Release|Any CPU
		{7D58720A-CE13-4450-B688-F51960032B79}.Release|ARM.ActiveCfg = Release|Any CPU
		{7D58720A-CE13-4450-B688-F51960032B79}.Release|x64.ActiveCfg = Release|Any CPU
		{7D58720A-CE13-4450-B688-F51960032B79}.Release|x86.ActiveCfg = Release|Any CPU
		{741D8402-22B9-42CF-88EC-EAF084B11619}.Debug|Any CPU.ActiveCfg = Debug|Any CPU
		{741D8402-22B9-42CF-88EC-EAF084B11619}.Debug|Any CPU.Build.0 = Debug|Any CPU
		{741D8402-22B9-42CF-88EC-EAF084B11619}.Debug|ARM.ActiveCfg = Debug|Any CPU
		{741D8402-22B9-42CF-88EC-EAF084B11619}.Debug|x64.ActiveCfg = Debug|Any CPU
		{741D8402-22B9-42CF-88EC-EAF084B11619}.Debug|x86.ActiveCfg = Debug|Any CPU
		{741D8402-22B9-42CF-88EC-EAF084B11619}.Release|Any CPU.ActiveCfg = Release|Any CPU
		{741D8402-22B9-42CF-88EC-EAF084B11619}.Release|Any CPU.Build.0 = Release|Any CPU
		{741D8402-22B9-42CF-88EC-EAF084B11619}.Release|ARM.ActiveCfg = Release|Any CPU
		{741D8402-22B9-42CF-88EC-EAF084B11619}.Release|x64.ActiveCfg = Release|Any CPU
		{741D8402-22B9-42CF-88EC-EAF084B11619}.Release|x86.ActiveCfg = Release|Any CPU
	EndGlobalSection
	GlobalSection(SolutionProperties) = preSolution
		HideSolutionNode = FALSE
	EndGlobalSection
	GlobalSection(NestedProjects) = preSolution
		{6EDB0588-FFC5-4EF5-8A99-9E241D0F878D} = {1B19DAC5-4C7F-4714-890C-CD725D9BA3CE}
		{A6FCEF44-D2BA-42C7-B3CB-13667BCD7B54} = {1B19DAC5-4C7F-4714-890C-CD725D9BA3CE}
		{56A56F17-7DE1-4CA1-9617-BF32E971AC84} = {1B19DAC5-4C7F-4714-890C-CD725D9BA3CE}
		{2882AEEB-D4CD-4EB9-8A6C-6653B33681F0} = {1B19DAC5-4C7F-4714-890C-CD725D9BA3CE}
		{5876144B-47DD-4C4E-B421-BC03F191B996} = {1B19DAC5-4C7F-4714-890C-CD725D9BA3CE}
		{7169373F-0B82-4E5D-9129-7CC3065B90FA} = {1B19DAC5-4C7F-4714-890C-CD725D9BA3CE}
		{ED9A4CA1-C04C-457D-9A2E-7995CCF12356} = {1B19DAC5-4C7F-4714-890C-CD725D9BA3CE}
		{8DE0C55A-0C47-49D4-B28F-C632BBBD5D7C} = {045E501C-91D7-41F8-B80B-BFCAC252F9E2}
		{FB4A79D0-7B61-4FAA-96C2-02D4FAA67E96} = {1B19DAC5-4C7F-4714-890C-CD725D9BA3CE}
		{CDDA0A07-24D9-4F8F-9A53-2BFB4B6AA0F8} = {045E501C-91D7-41F8-B80B-BFCAC252F9E2}
		{729BC624-FC40-446B-8EB0-505CBB8BB13E} = {17979ACC-A89D-422A-83A5-D7A18CF3620E}
		{045E501C-91D7-41F8-B80B-BFCAC252F9E2} = {1B19DAC5-4C7F-4714-890C-CD725D9BA3CE}
		{7D58720A-CE13-4450-B688-F51960032B79} = {729BC624-FC40-446B-8EB0-505CBB8BB13E}
		{741D8402-22B9-42CF-88EC-EAF084B11619} = {729BC624-FC40-446B-8EB0-505CBB8BB13E}
	EndGlobalSection
EndGlobal
